
Microsoft Visual Studio Solution File, Format Version 12.00
# Visual Studio 15
VisualStudioVersion = 15.0.26730.12
MinimumVisualStudioVersion = 10.0.40219.1
Project("{FAE04EC0-301F-11D3-BF4B-00C04F79EFBC}") = "DataGeneratorDesktopApp", "DataGenerator\DataGeneratorDesktopApp.csproj", "{323EF30E-4599-47C0-8800-EE359681195B}"
EndProject
Project("{FAE04EC0-301F-11D3-BF4B-00C04F79EFBC}") = "DataGeneratorConsoleApp", "DataGeneratorConsoleApp\DataGeneratorConsoleApp.csproj", "{C9415BC5-DB5F-4D2D-B9AB-7AF59061C280}"
EndProject
Project("{FAE04EC0-301F-11D3-BF4B-00C04F79EFBC}") = "DataGeneratorLibrary", "DataGeneratorLibrary\DataGeneratorLibrary.csproj", "{C718C20A-EE72-44C0-9E9E-379AF2B671A3}"
EndProject
Project("{FAE04EC0-301F-11D3-BF4B-00C04F79EFBC}") = "RegExGenerator", "RegExGenerator\RegExGenerator.csproj", "{DCAA0317-CC45-410B-8C94-2FD8CE5A5674}"
EndProject
Global
	GlobalSection(SolutionConfigurationPlatforms) = preSolution
		Debug|Any CPU = Debug|Any CPU
		Debug|x64 = Debug|x64
		Debug|x86 = Debug|x86
		Release|Any CPU = Release|Any CPU
		Release|x64 = Release|x64
		Release|x86 = Release|x86
	EndGlobalSection
	GlobalSection(ProjectConfigurationPlatforms) = postSolution
		{323EF30E-4599-47C0-8800-EE359681195B}.Debug|Any CPU.ActiveCfg = Debug|Any CPU
		{323EF30E-4599-47C0-8800-EE359681195B}.Debug|Any CPU.Build.0 = Debug|Any CPU
		{323EF30E-4599-47C0-8800-EE359681195B}.Debug|x64.ActiveCfg = Debug|Any CPU
		{323EF30E-4599-47C0-8800-EE359681195B}.Debug|x64.Build.0 = Debug|Any CPU
		{323EF30E-4599-47C0-8800-EE359681195B}.Debug|x86.ActiveCfg = Debug|Any CPU
		{323EF30E-4599-47C0-8800-EE359681195B}.Debug|x86.Build.0 = Debug|Any CPU
		{323EF30E-4599-47C0-8800-EE359681195B}.Release|Any CPU.ActiveCfg = Release|Any CPU
		{323EF30E-4599-47C0-8800-EE359681195B}.Release|Any CPU.Build.0 = Release|Any CPU
		{323EF30E-4599-47C0-8800-EE359681195B}.Release|x64.ActiveCfg = Release|x64
		{323EF30E-4599-47C0-8800-EE359681195B}.Release|x64.Build.0 = Release|x64
		{323EF30E-4599-47C0-8800-EE359681195B}.Release|x86.ActiveCfg = Release|x64
		{323EF30E-4599-47C0-8800-EE359681195B}.Release|x86.Build.0 = Release|x64
		{C9415BC5-DB5F-4D2D-B9AB-7AF59061C280}.Debug|Any CPU.ActiveCfg = Debug|Any CPU
		{C9415BC5-DB5F-4D2D-B9AB-7AF59061C280}.Debug|Any CPU.Build.0 = Debug|Any CPU
		{C9415BC5-DB5F-4D2D-B9AB-7AF59061C280}.Debug|x64.ActiveCfg = Debug|x64
		{C9415BC5-DB5F-4D2D-B9AB-7AF59061C280}.Debug|x64.Build.0 = Debug|x64
		{C9415BC5-DB5F-4D2D-B9AB-7AF59061C280}.Debug|x86.ActiveCfg = Release|x86
		{C9415BC5-DB5F-4D2D-B9AB-7AF59061C280}.Debug|x86.Build.0 = Release|x86
		{C9415BC5-DB5F-4D2D-B9AB-7AF59061C280}.Release|Any CPU.ActiveCfg = Release|x64
		{C9415BC5-DB5F-4D2D-B9AB-7AF59061C280}.Release|Any CPU.Build.0 = Release|x64
		{C9415BC5-DB5F-4D2D-B9AB-7AF59061C280}.Release|x64.ActiveCfg = Release|x64
		{C9415BC5-DB5F-4D2D-B9AB-7AF59061C280}.Release|x86.ActiveCfg = Release|x86
		{C9415BC5-DB5F-4D2D-B9AB-7AF59061C280}.Release|x86.Build.0 = Release|x86
		{C718C20A-EE72-44C0-9E9E-379AF2B671A3}.Debug|Any CPU.ActiveCfg = Debug|Any CPU
		{C718C20A-EE72-44C0-9E9E-379AF2B671A3}.Debug|Any CPU.Build.0 = Debug|Any CPU
		{C718C20A-EE72-44C0-9E9E-379AF2B671A3}.Debug|x64.ActiveCfg = Debug|Any CPU
		{C718C20A-EE72-44C0-9E9E-379AF2B671A3}.Debug|x64.Build.0 = Debug|Any CPU
		{C718C20A-EE72-44C0-9E9E-379AF2B671A3}.Debug|x86.ActiveCfg = Release|x86
		{C718C20A-EE72-44C0-9E9E-379AF2B671A3}.Debug|x86.Build.0 = Release|x86
		{C718C20A-EE72-44C0-9E9E-379AF2B671A3}.Release|Any CPU.ActiveCfg = Release|Any CPU
		{C718C20A-EE72-44C0-9E9E-379AF2B671A3}.Release|Any CPU.Build.0 = Release|Any CPU
		{C718C20A-EE72-44C0-9E9E-379AF2B671A3}.Release|x64.ActiveCfg = Release|x64
		{C718C20A-EE72-44C0-9E9E-379AF2B671A3}.Release|x64.Build.0 = Release|x64
		{C718C20A-EE72-44C0-9E9E-379AF2B671A3}.Release|x86.ActiveCfg = Release|x86
		{C718C20A-EE72-44C0-9E9E-379AF2B671A3}.Release|x86.Build.0 = Release|x86
		{DCAA0317-CC45-410B-8C94-2FD8CE5A5674}.Debug|Any CPU.ActiveCfg = Debug|Any CPU
		{DCAA0317-CC45-410B-8C94-2FD8CE5A5674}.Debug|Any CPU.Build.0 = Debug|Any CPU
		{DCAA0317-CC45-410B-8C94-2FD8CE5A5674}.Debug|x64.ActiveCfg = Debug|Any CPU
		{DCAA0317-CC45-410B-8C94-2FD8CE5A5674}.Debug|x64.Build.0 = Debug|Any CPU
		{DCAA0317-CC45-410B-8C94-2FD8CE5A5674}.Debug|x86.ActiveCfg = Debug|Any CPU
		{DCAA0317-CC45-410B-8C94-2FD8CE5A5674}.Debug|x86.Build.0 = Debug|Any CPU
		{DCAA0317-CC45-410B-8C94-2FD8CE5A5674}.Release|Any CPU.ActiveCfg = Release|Any CPU
		{DCAA0317-CC45-410B-8C94-2FD8CE5A5674}.Release|Any CPU.Build.0 = Release|Any CPU
		{DCAA0317-CC45-410B-8C94-2FD8CE5A5674}.Release|x64.ActiveCfg = Release|Any CPU
		{DCAA0317-CC45-410B-8C94-2FD8CE5A5674}.Release|x64.Build.0 = Release|Any CPU
		{DCAA0317-CC45-410B-8C94-2FD8CE5A5674}.Release|x86.ActiveCfg = Release|Any CPU
		{DCAA0317-CC45-410B-8C94-2FD8CE5A5674}.Release|x86.Build.0 = Release|Any CPU
	EndGlobalSection
	GlobalSection(SolutionProperties) = preSolution
		HideSolutionNode = FALSE
	EndGlobalSection
	GlobalSection(ExtensibilityGlobals) = postSolution
		SolutionGuid = {F839C857-56C0-4CF6-B552-09E434EB4670}
	EndGlobalSection
EndGlobal
